
Microsoft Visual Studio Solution File, Format Version 12.00
# Visual Studio Version 17
VisualStudioVersion = 17.3.32825.248
MinimumVisualStudioVersion = 10.0.40219.1
Project("{9A19103F-16F7-4668-BE54-9A1E7A4F7556}") = "HX1584_HFT_2023241.Client", "HX1584_HFT_2023241.Client\HX1584_HFT_2023241.Client.csproj", "{6F1AD9DB-3F28-4D1B-94FC-D99C4D46724C}"
EndProject
Project("{9A19103F-16F7-4668-BE54-9A1E7A4F7556}") = "HX1584_HFT_2023241.Models", "HX1584_HFT_2023241.Models\HX1584_HFT_2023241.Models.csproj", "{C41308D6-F526-4C1E-9E16-4E92EA5F6CCA}"
EndProject
Project("{9A19103F-16F7-4668-BE54-9A1E7A4F7556}") = "HX1584_HFT_2023241.Logic", "HX1584_HFT_2023241.Logic\HX1584_HFT_2023241.Logic.csproj", "{E1134960-D7A2-4018-BA68-01D68BFEFE63}"
EndProject
Project("{9A19103F-16F7-4668-BE54-9A1E7A4F7556}") = "HX1584_HFT_2023241.Repository", "HX1584_HFT_2023241.Repository\HX1584_HFT_2023241.Repository.csproj", "{610A3290-30F1-44CA-A59C-8A6641471250}"
	ProjectSection(ProjectDependencies) = postProject
		{C41308D6-F526-4C1E-9E16-4E92EA5F6CCA} = {C41308D6-F526-4C1E-9E16-4E92EA5F6CCA}
	EndProjectSection
EndProject
Project("{9A19103F-16F7-4668-BE54-9A1E7A4F7556}") = "HX1584_HFT_2023241.Test", "HX1584_HFT_2023241.Test\HX1584_HFT_2023241.Test.csproj", "{018B3942-90E1-4B01-914F-87A61BBE9159}"
EndProject
Project("{2150E333-8FDC-42A3-9474-1A3956D46DE8}") = "Backend", "Backend", "{2364F2F3-574E-4FEB-816A-9D2659CB4FD0}"
EndProject
Project("{2150E333-8FDC-42A3-9474-1A3956D46DE8}") = "Frontend", "Frontend", "{97F1005C-2C5A-488E-82B0-8A718621DA59}"
EndProject
Project("{2150E333-8FDC-42A3-9474-1A3956D46DE8}") = "Shared", "Shared", "{1D494BCF-6AC2-4D14-89F8-C4B0D8E59CF4}"
EndProject
Project("{9A19103F-16F7-4668-BE54-9A1E7A4F7556}") = "HX1584_HFT_2023241.Endpoint", "HX1584_HFT_2023241.Endpoint\HX1584_HFT_2023241.Endpoint.csproj", "{63571A24-CF34-4490-8CEF-A988C0454DBF}"
	ProjectSection(ProjectDependencies) = postProject
		{610A3290-30F1-44CA-A59C-8A6641471250} = {610A3290-30F1-44CA-A59C-8A6641471250}
		{C41308D6-F526-4C1E-9E16-4E92EA5F6CCA} = {C41308D6-F526-4C1E-9E16-4E92EA5F6CCA}
		{E1134960-D7A2-4018-BA68-01D68BFEFE63} = {E1134960-D7A2-4018-BA68-01D68BFEFE63}
	EndProjectSection
EndProject
Project("{FAE04EC0-301F-11D3-BF4B-00C04F79EFBC}") = "HX1584_SZTGUI_2023242.WpfClient", "HX1584_SZTGUI_2023242.WpfClient\HX1584_SZTGUI_2023242.WpfClient.csproj", "{7199F052-5E26-4161-8D76-D41E0C2FAC9C}"
EndProject
Global
	GlobalSection(SolutionConfigurationPlatforms) = preSolution
		Debug|Any CPU = Debug|Any CPU
		Release|Any CPU = Release|Any CPU
	EndGlobalSection
	GlobalSection(ProjectConfigurationPlatforms) = postSolution
		{6F1AD9DB-3F28-4D1B-94FC-D99C4D46724C}.Debug|Any CPU.ActiveCfg = Debug|Any CPU
		{6F1AD9DB-3F28-4D1B-94FC-D99C4D46724C}.Debug|Any CPU.Build.0 = Debug|Any CPU
		{6F1AD9DB-3F28-4D1B-94FC-D99C4D46724C}.Release|Any CPU.ActiveCfg = Release|Any CPU
		{6F1AD9DB-3F28-4D1B-94FC-D99C4D46724C}.Release|Any CPU.Build.0 = Release|Any CPU
		{C41308D6-F526-4C1E-9E16-4E92EA5F6CCA}.Debug|Any CPU.ActiveCfg = Debug|Any CPU
		{C41308D6-F526-4C1E-9E16-4E92EA5F6CCA}.Debug|Any CPU.Build.0 = Debug|Any CPU
		{C41308D6-F526-4C1E-9E16-4E92EA5F6CCA}.Release|Any CPU.ActiveCfg = Release|Any CPU
		{C41308D6-F526-4C1E-9E16-4E92EA5F6CCA}.Release|Any CPU.Build.0 = Release|Any CPU
		{E1134960-D7A2-4018-BA68-01D68BFEFE63}.Debug|Any CPU.ActiveCfg = Debug|Any CPU
		{E1134960-D7A2-4018-BA68-01D68BFEFE63}.Debug|Any CPU.Build.0 = Debug|Any CPU
		{E1134960-D7A2-4018-BA68-01D68BFEFE63}.Release|Any CPU.ActiveCfg = Release|Any CPU
		{E1134960-D7A2-4018-BA68-01D68BFEFE63}.Release|Any CPU.Build.0 = Release|Any CPU
		{610A3290-30F1-44CA-A59C-8A6641471250}.Debug|Any CPU.ActiveCfg = Debug|Any CPU
		{610A3290-30F1-44CA-A59C-8A6641471250}.Debug|Any CPU.Build.0 = Debug|Any CPU
		{610A3290-30F1-44CA-A59C-8A6641471250}.Release|Any CPU.ActiveCfg = Release|Any CPU
		{610A3290-30F1-44CA-A59C-8A6641471250}.Release|Any CPU.Build.0 = Release|Any CPU
		{018B3942-90E1-4B01-914F-87A61BBE9159}.Debug|Any CPU.ActiveCfg = Debug|Any CPU
		{018B3942-90E1-4B01-914F-87A61BBE9159}.Debug|Any CPU.Build.0 = Debug|Any CPU
		{018B3942-90E1-4B01-914F-87A61BBE9159}.Release|Any CPU.ActiveCfg = Release|Any CPU
		{018B3942-90E1-4B01-914F-87A61BBE9159}.Release|Any CPU.Build.0 = Release|Any CPU
		{63571A24-CF34-4490-8CEF-A988C0454DBF}.Debug|Any CPU.ActiveCfg = Debug|Any CPU
		{63571A24-CF34-4490-8CEF-A988C0454DBF}.Debug|Any CPU.Build.0 = Debug|Any CPU
		{63571A24-CF34-4490-8CEF-A988C0454DBF}.Release|Any CPU.ActiveCfg = Release|Any CPU
		{63571A24-CF34-4490-8CEF-A988C0454DBF}.Release|Any CPU.Build.0 = Release|Any CPU
		{7199F052-5E26-4161-8D76-D41E0C2FAC9C}.Debug|Any CPU.ActiveCfg = Debug|Any CPU
		{7199F052-5E26-4161-8D76-D41E0C2FAC9C}.Debug|Any CPU.Build.0 = Debug|Any CPU
		{7199F052-5E26-4161-8D76-D41E0C2FAC9C}.Release|Any CPU.ActiveCfg = Release|Any CPU
		{7199F052-5E26-4161-8D76-D41E0C2FAC9C}.Release|Any CPU.Build.0 = Release|Any CPU
	EndGlobalSection
	GlobalSection(SolutionProperties) = preSolution
		HideSolutionNode = FALSE
	EndGlobalSection
	GlobalSection(NestedProjects) = preSolution
		{6F1AD9DB-3F28-4D1B-94FC-D99C4D46724C} = {97F1005C-2C5A-488E-82B0-8A718621DA59}
		{C41308D6-F526-4C1E-9E16-4E92EA5F6CCA} = {1D494BCF-6AC2-4D14-89F8-C4B0D8E59CF4}
		{E1134960-D7A2-4018-BA68-01D68BFEFE63} = {2364F2F3-574E-4FEB-816A-9D2659CB4FD0}
		{610A3290-30F1-44CA-A59C-8A6641471250} = {2364F2F3-574E-4FEB-816A-9D2659CB4FD0}
		{018B3942-90E1-4B01-914F-87A61BBE9159} = {2364F2F3-574E-4FEB-816A-9D2659CB4FD0}
		{63571A24-CF34-4490-8CEF-A988C0454DBF} = {2364F2F3-574E-4FEB-816A-9D2659CB4FD0}
	EndGlobalSection
	GlobalSection(ExtensibilityGlobals) = postSolution
		SolutionGuid = {AA567CFE-9305-4C4A-8858-F357D6BFF425}
	EndGlobalSection
EndGlobal
